{
  "requires": true,
  "lockfileVersion": 1,
  "dependencies": {
    "react-modeless": {
      "version": "0.1.0",
      "resolved": "https://registry.npmjs.org/react-modeless/-/react-modeless-0.1.0.tgz",
      "integrity": "sha512-4qw0T/CoCIfByCRpAms7O8f5nLs8S7RgQPdWGhnRvvTdsKeYPAeQUQpbPqHw/r2blZrj2+YJyAJ9sCgxWFPS8Q=="
    }
  }
}
